// !$*UTF8*$!
{
	archiveVersion = 1;
	classes = {
	};
	objectVersion = 56;
	objects = {

/* Begin PBXBuildFile section */
		EA2817062C71D8DA0043A95D /* Swift_Data_UIApp.swift in Sources */ = {isa = PBXBuildFile; fileRef = EA2817052C71D8DA0043A95D /* Swift_Data_UIApp.swift */; };
		EA2817082C71D8DA0043A95D /* ContentView.swift in Sources */ = {isa = PBXBuildFile; fileRef = EA2817072C71D8DA0043A95D /* ContentView.swift */; };
		EA28170C2C71D8DC0043A95D /* Assets.xcassets in Resources */ = {isa = PBXBuildFile; fileRef = EA28170B2C71D8DC0043A95D /* Assets.xcassets */; };
		EA2817102C71D8DC0043A95D /* Preview Assets.xcassets in Resources */ = {isa = PBXBuildFile; fileRef = EA28170F2C71D8DC0043A95D /* Preview Assets.xcassets */; };
		EA28171A2C71D8DD0043A95D /* Swift_Data_UITests.swift in Sources */ = {isa = PBXBuildFile; fileRef = EA2817192C71D8DD0043A95D /* Swift_Data_UITests.swift */; };
		EA2817242C71D8DD0043A95D /* Swift_Data_UIUITests.swift in Sources */ = {isa = PBXBuildFile; fileRef = EA2817232C71D8DD0043A95D /* Swift_Data_UIUITests.swift */; };
		EA2817262C71D8DD0043A95D /* Swift_Data_UIUITestsLaunchTests.swift in Sources */ = {isa = PBXBuildFile; fileRef = EA2817252C71D8DD0043A95D /* Swift_Data_UIUITestsLaunchTests.swift */; };
		EA2817332C71D8FD0043A95D /* User.swift in Sources */ = {isa = PBXBuildFile; fileRef = EA2817322C71D8FD0043A95D /* User.swift */; };
		EA2817352C71DAC10043A95D /* EditUserView.swift in Sources */ = {isa = PBXBuildFile; fileRef = EA2817342C71DAC10043A95D /* EditUserView.swift */; };
		EA2817372C71E9C30043A95D /* UserView.swift in Sources */ = {isa = PBXBuildFile; fileRef = EA2817362C71E9C30043A95D /* UserView.swift */; };
		EA28173B2C71EFE30043A95D /* Job.swift in Sources */ = {isa = PBXBuildFile; fileRef = EA28173A2C71EFE30043A95D /* Job.swift */; };
/* End PBXBuildFile section */

/* Begin PBXContainerItemProxy section */
		EA2817162C71D8DD0043A95D /* PBXContainerItemProxy */ = {
			isa = PBXContainerItemProxy;
			containerPortal = EA2816FA2C71D8DA0043A95D /* Project object */;
			proxyType = 1;
			remoteGlobalIDString = EA2817012C71D8DA0043A95D;
			remoteInfo = "Swift Data UI";
		};
		EA2817202C71D8DD0043A95D /* PBXContainerItemProxy */ = {
			isa = PBXContainerItemProxy;
			containerPortal = EA2816FA2C71D8DA0043A95D /* Project object */;
			proxyType = 1;
			remoteGlobalIDString = EA2817012C71D8DA0043A95D;
			remoteInfo = "Swift Data UI";
		};
/* End PBXContainerItemProxy section */

/* Begin PBXFileReference section */
		EA2817022C71D8DA0043A95D /* Swift Data UI.app */ = {isa = PBXFileReference; explicitFileType = wrapper.application; includeInIndex = 0; path = "Swift Data UI.app"; sourceTree = BUILT_PRODUCTS_DIR; };
		EA2817052C71D8DA0043A95D /* Swift_Data_UIApp.swift */ = {isa = PBXFileReference; lastKnownFileType = sourcecode.swift; path = Swift_Data_UIApp.swift; sourceTree = "<group>"; };
		EA2817072C71D8DA0043A95D /* ContentView.swift */ = {isa = PBXFileReference; lastKnownFileType = sourcecode.swift; path = ContentView.swift; sourceTree = "<group>"; };
		EA28170B2C71D8DC0043A95D /* Assets.xcassets */ = {isa = PBXFileReference; lastKnownFileType = folder.assetcatalog; path = Assets.xcassets; sourceTree = "<group>"; };
		EA28170D2C71D8DC0043A95D /* Swift_Data_UI.entitlements */ = {isa = PBXFileReference; lastKnownFileType = text.plist.entitlements; path = Swift_Data_UI.entitlements; sourceTree = "<group>"; };
		EA28170F2C71D8DC0043A95D /* Preview Assets.xcassets */ = {isa = PBXFileReference; lastKnownFileType = folder.assetcatalog; path = "Preview Assets.xcassets"; sourceTree = "<group>"; };
		EA2817152C71D8DD0043A95D /* Swift Data UITests.xctest */ = {isa = PBXFileReference; explicitFileType = wrapper.cfbundle; includeInIndex = 0; path = "Swift Data UITests.xctest"; sourceTree = BUILT_PRODUCTS_DIR; };
		EA2817192C71D8DD0043A95D /* Swift_Data_UITests.swift */ = {isa = PBXFileReference; lastKnownFileType = sourcecode.swift; path = Swift_Data_UITests.swift; sourceTree = "<group>"; };
		EA28171F2C71D8DD0043A95D /* Swift Data UIUITests.xctest */ = {isa = PBXFileReference; explicitFileType = wrapper.cfbundle; includeInIndex = 0; path = "Swift Data UIUITests.xctest"; sourceTree = BUILT_PRODUCTS_DIR; };
		EA2817232C71D8DD0043A95D /* Swift_Data_UIUITests.swift */ = {isa = PBXFileReference; lastKnownFileType = sourcecode.swift; path = Swift_Data_UIUITests.swift; sourceTree = "<group>"; };
		EA2817252C71D8DD0043A95D /* Swift_Data_UIUITestsLaunchTests.swift */ = {isa = PBXFileReference; lastKnownFileType = sourcecode.swift; path = Swift_Data_UIUITestsLaunchTests.swift; sourceTree = "<group>"; };
		EA2817322C71D8FD0043A95D /* User.swift */ = {isa = PBXFileReference; lastKnownFileType = sourcecode.swift; path = User.swift; sourceTree = "<group>"; };
		EA2817342C71DAC10043A95D /* EditUserView.swift */ = {isa = PBXFileReference; lastKnownFileType = sourcecode.swift; path = EditUserView.swift; sourceTree = "<group>"; };
		EA2817362C71E9C30043A95D /* UserView.swift */ = {isa = PBXFileReference; lastKnownFileType = sourcecode.swift; path = UserView.swift; sourceTree = "<group>"; };
		EA28173A2C71EFE30043A95D /* Job.swift */ = {isa = PBXFileReference; lastKnownFileType = sourcecode.swift; path = Job.swift; sourceTree = "<group>"; };
/* End PBXFileReference section */

/* Begin PBXFrameworksBuildPhase section */
		EA2816FF2C71D8DA0043A95D /* Frameworks */ = {
			isa = PBXFrameworksBuildPhase;
			buildActionMask = 2147483647;
			files = (
			);
			runOnlyForDeploymentPostprocessing = 0;
		};
		EA2817122C71D8DD0043A95D /* Frameworks */ = {
			isa = PBXFrameworksBuildPhase;
			buildActionMask = 2147483647;
			files = (
			);
			runOnlyForDeploymentPostprocessing = 0;
		};
		EA28171C2C71D8DD0043A95D /* Frameworks */ = {
			isa = PBXFrameworksBuildPhase;
			buildActionMask = 2147483647;
			files = (
			);
			runOnlyForDeploymentPostprocessing = 0;
		};
/* End PBXFrameworksBuildPhase section */

/* Begin PBXGroup section */
		EA2816F92C71D8DA0043A95D = {
			isa = PBXGroup;
			children = (
				EA2817042C71D8DA0043A95D /* Swift Data UI */,
				EA2817182C71D8DD0043A95D /* Swift Data UITests */,
				EA2817222C71D8DD0043A95D /* Swift Data UIUITests */,
				EA2817032C71D8DA0043A95D /* Products */,
			);
			sourceTree = "<group>";
		};
		EA2817032C71D8DA0043A95D /* Products */ = {
			isa = PBXGroup;
			children = (
				EA2817022C71D8DA0043A95D /* Swift Data UI.app */,
				EA2817152C71D8DD0043A95D /* Swift Data UITests.xctest */,
				EA28171F2C71D8DD0043A95D /* Swift Data UIUITests.xctest */,
			);
			name = Products;
			sourceTree = "<group>";
		};
		EA2817042C71D8DA0043A95D /* Swift Data UI */ = {
			isa = PBXGroup;
			children = (
				EA2817052C71D8DA0043A95D /* Swift_Data_UIApp.swift */,
				EA2817342C71DAC10043A95D /* EditUserView.swift */,
				EA2817072C71D8DA0043A95D /* ContentView.swift */,
				EA2817362C71E9C30043A95D /* UserView.swift */,
				EA2817322C71D8FD0043A95D /* User.swift */,
				EA28173A2C71EFE30043A95D /* Job.swift */,
				EA28170B2C71D8DC0043A95D /* Assets.xcassets */,
				EA28170D2C71D8DC0043A95D /* Swift_Data_UI.entitlements */,
				EA28170E2C71D8DC0043A95D /* Preview Content */,
			);
			path = "Swift Data UI";
			sourceTree = "<group>";
		};
		EA28170E2C71D8DC0043A95D /* Preview Content */ = {
			isa = PBXGroup;
			children = (
				EA28170F2C71D8DC0043A95D /* Preview Assets.xcassets */,
			);
			path = "Preview Content";
			sourceTree = "<group>";
		};
		EA2817182C71D8DD0043A95D /* Swift Data UITests */ = {
			isa = PBXGroup;
			children = (
				EA2817192C71D8DD0043A95D /* Swift_Data_UITests.swift */,
			);
			path = "Swift Data UITests";
			sourceTree = "<group>";
		};
		EA2817222C71D8DD0043A95D /* Swift Data UIUITests */ = {
			isa = PBXGroup;
			children = (
				EA2817232C71D8DD0043A95D /* Swift_Data_UIUITests.swift */,
				EA2817252C71D8DD0043A95D /* Swift_Data_UIUITestsLaunchTests.swift */,
			);
			path = "Swift Data UIUITests";
			sourceTree = "<group>";
		};
/* End PBXGroup section */

/* Begin PBXNativeTarget section */
		EA2817012C71D8DA0043A95D /* Swift Data UI */ = {
			isa = PBXNativeTarget;
			buildConfigurationList = EA2817292C71D8DD0043A95D /* Build configuration list for PBXNativeTarget "Swift Data UI" */;
			buildPhases = (
				EA2816FE2C71D8DA0043A95D /* Sources */,
				EA2816FF2C71D8DA0043A95D /* Frameworks */,
				EA2817002C71D8DA0043A95D /* Resources */,
			);
			buildRules = (
			);
			dependencies = (
			);
			name = "Swift Data UI";
			productName = "Swift Data UI";
			productReference = EA2817022C71D8DA0043A95D /* Swift Data UI.app */;
			productType = "com.apple.product-type.application";
		};
		EA2817142C71D8DD0043A95D /* Swift Data UITests */ = {
			isa = PBXNativeTarget;
			buildConfigurationList = EA28172C2C71D8DD0043A95D /* Build configuration list for PBXNativeTarget "Swift Data UITests" */;
			buildPhases = (
				EA2817112C71D8DD0043A95D /* Sources */,
				EA2817122C71D8DD0043A95D /* Frameworks */,
				EA2817132C71D8DD0043A95D /* Resources */,
			);
			buildRules = (
			);
			dependencies = (
				EA2817172C71D8DD0043A95D /* PBXTargetDependency */,
			);
			name = "Swift Data UITests";
			productName = "Swift Data UITests";
			productReference = EA2817152C71D8DD0043A95D /* Swift Data UITests.xctest */;
			productType = "com.apple.product-type.bundle.unit-test";
		};
		EA28171E2C71D8DD0043A95D /* Swift Data UIUITests */ = {
			isa = PBXNativeTarget;
			buildConfigurationList = EA28172F2C71D8DD0043A95D /* Build configuration list for PBXNativeTarget "Swift Data UIUITests" */;
			buildPhases = (
				EA28171B2C71D8DD0043A95D /* Sources */,
				EA28171C2C71D8DD0043A95D /* Frameworks */,
				EA28171D2C71D8DD0043A95D /* Resources */,
			);
			buildRules = (
			);
			dependencies = (
				EA2817212C71D8DD0043A95D /* PBXTargetDependency */,
			);
			name = "Swift Data UIUITests";
			productName = "Swift Data UIUITests";
			productReference = EA28171F2C71D8DD0043A95D /* Swift Data UIUITests.xctest */;
			productType = "com.apple.product-type.bundle.ui-testing";
		};
/* End PBXNativeTarget section */

/* Begin PBXProject section */
		EA2816FA2C71D8DA0043A95D /* Project object */ = {
			isa = PBXProject;
			attributes = {
				BuildIndependentTargetsInParallel = 1;
				LastSwiftUpdateCheck = 1500;
				LastUpgradeCheck = 1500;
				TargetAttributes = {
					EA2817012C71D8DA0043A95D = {
						CreatedOnToolsVersion = 15.0.1;
					};
					EA2817142C71D8DD0043A95D = {
						CreatedOnToolsVersion = 15.0.1;
						TestTargetID = EA2817012C71D8DA0043A95D;
					};
					EA28171E2C71D8DD0043A95D = {
						CreatedOnToolsVersion = 15.0.1;
						TestTargetID = EA2817012C71D8DA0043A95D;
					};
				};
			};
			buildConfigurationList = EA2816FD2C71D8DA0043A95D /* Build configuration list for PBXProject "Swift Data UI" */;
			compatibilityVersion = "Xcode 14.0";
			developmentRegion = en;
			hasScannedForEncodings = 0;
			knownRegions = (
				en,
				Base,
			);
			mainGroup = EA2816F92C71D8DA0043A95D;
			productRefGroup = EA2817032C71D8DA0043A95D /* Products */;
			projectDirPath = "";
			projectRoot = "";
			targets = (
				EA2817012C71D8DA0043A95D /* Swift Data UI */,
				EA2817142C71D8DD0043A95D /* Swift Data UITests */,
				EA28171E2C71D8DD0043A95D /* Swift Data UIUITests */,
			);
		};
/* End PBXProject section */

/* Begin PBXResourcesBuildPhase section */
		EA2817002C71D8DA0043A95D /* Resources */ = {
			isa = PBXResourcesBuildPhase;
			buildActionMask = 2147483647;
			files = (
				EA2817102C71D8DC0043A95D /* Preview Assets.xcassets in Resources */,
				EA28170C2C71D8DC0043A95D /* Assets.xcassets in Resources */,
			);
			runOnlyForDeploymentPostprocessing = 0;
		};
		EA2817132C71D8DD0043A95D /* Resources */ = {
			isa = PBXResourcesBuildPhase;
			buildActionMask = 2147483647;
			files = (
			);
			runOnlyForDeploymentPostprocessing = 0;
		};
		EA28171D2C71D8DD0043A95D /* Resources */ = {
			isa = PBXResourcesBuildPhase;
			buildActionMask = 2147483647;
			files = (
			);
			runOnlyForDeploymentPostprocessing = 0;
		};
/* End PBXResourcesBuildPhase section */

/* Begin PBXSourcesBuildPhase section */
		EA2816FE2C71D8DA0043A95D /* Sources */ = {
			isa = PBXSourcesBuildPhase;
			buildActionMask = 2147483647;
			files = (
				EA2817332C71D8FD0043A95D /* User.swift in Sources */,
				EA28173B2C71EFE30043A95D /* Job.swift in Sources */,
				EA2817352C71DAC10043A95D /* EditUserView.swift in Sources */,
				EA2817372C71E9C30043A95D /* UserView.swift in Sources */,
				EA2817082C71D8DA0043A95D /* ContentView.swift in Sources */,
				EA2817062C71D8DA0043A95D /* Swift_Data_UIApp.swift in Sources */,
			);
			runOnlyForDeploymentPostprocessing = 0;
		};
		EA2817112C71D8DD0043A95D /* Sources */ = {
			isa = PBXSourcesBuildPhase;
			buildActionMask = 2147483647;
			files = (
				EA28171A2C71D8DD0043A95D /* Swift_Data_UITests.swift in Sources */,
			);
			runOnlyForDeploymentPostprocessing = 0;
		};
		EA28171B2C71D8DD0043A95D /* Sources */ = {
			isa = PBXSourcesBuildPhase;
			buildActionMask = 2147483647;
			files = (
				EA2817262C71D8DD0043A95D /* Swift_Data_UIUITestsLaunchTests.swift in Sources */,
				EA2817242C71D8DD0043A95D /* Swift_Data_UIUITests.swift in Sources */,
			);
			runOnlyForDeploymentPostprocessing = 0;
		};
/* End PBXSourcesBuildPhase section */

/* Begin PBXTargetDependency section */
		EA2817172C71D8DD0043A95D /* PBXTargetDependency */ = {
			isa = PBXTargetDependency;
			target = EA2817012C71D8DA0043A95D /* Swift Data UI */;
			targetProxy = EA2817162C71D8DD0043A95D /* PBXContainerItemProxy */;
		};
		EA2817212C71D8DD0043A95D /* PBXTargetDependency */ = {
			isa = PBXTargetDependency;
			target = EA2817012C71D8DA0043A95D /* Swift Data UI */;
			targetProxy = EA2817202C71D8DD0043A95D /* PBXContainerItemProxy */;
		};
/* End PBXTargetDependency section */

/* Begin XCBuildConfiguration section */
		EA2817272C71D8DD0043A95D /* Debug */ = {
			isa = XCBuildConfiguration;
			buildSettings = {
				ALWAYS_SEARCH_USER_PATHS = NO;
				ASSETCATALOG_COMPILER_GENERATE_SWIFT_ASSET_SYMBOL_EXTENSIONS = YES;
				CLANG_ANALYZER_NONNULL = YES;
				CLANG_ANALYZER_NUMBER_OBJECT_CONVERSION = YES_AGGRESSIVE;
				CLANG_CXX_LANGUAGE_STANDARD = "gnu++20";
				CLANG_ENABLE_MODULES = YES;
				CLANG_ENABLE_OBJC_ARC = YES;
				CLANG_ENABLE_OBJC_WEAK = YES;
				CLANG_WARN_BLOCK_CAPTURE_AUTORELEASING = YES;
				CLANG_WARN_BOOL_CONVERSION = YES;
				CLANG_WARN_COMMA = YES;
				CLANG_WARN_CONSTANT_CONVERSION = YES;
				CLANG_WARN_DEPRECATED_OBJC_IMPLEMENTATIONS = YES;
				CLANG_WARN_DIRECT_OBJC_ISA_USAGE = YES_ERROR;
				CLANG_WARN_DOCUMENTATION_COMMENTS = YES;
				CLANG_WARN_EMPTY_BODY = YES;
				CLANG_WARN_ENUM_CONVERSION = YES;
				CLANG_WARN_INFINITE_RECURSION = YES;
				CLANG_WARN_INT_CONVERSION = YES;
				CLANG_WARN_NON_LITERAL_NULL_CONVERSION = YES;
				CLANG_WARN_OBJC_IMPLICIT_RETAIN_SELF = YES;
				CLANG_WARN_OBJC_LITERAL_CONVERSION = YES;
				CLANG_WARN_OBJC_ROOT_CLASS = YES_ERROR;
				CLANG_WARN_QUOTED_INCLUDE_IN_FRAMEWORK_HEADER = YES;
				CLANG_WARN_RANGE_LOOP_ANALYSIS = YES;
				CLANG_WARN_STRICT_PROTOTYPES = YES;
				CLANG_WARN_SUSPICIOUS_MOVE = YES;
				CLANG_WARN_UNGUARDED_AVAILABILITY = YES_AGGRESSIVE;
				CLANG_WARN_UNREACHABLE_CODE = YES;
				CLANG_WARN__DUPLICATE_METHOD_MATCH = YES;
				COPY_PHASE_STRIP = NO;
				DEBUG_INFORMATION_FORMAT = dwarf;
				ENABLE_STRICT_OBJC_MSGSEND = YES;
				ENABLE_TESTABILITY = YES;
				ENABLE_USER_SCRIPT_SANDBOXING = YES;
				GCC_C_LANGUAGE_STANDARD = gnu17;
				GCC_DYNAMIC_NO_PIC = NO;
				GCC_NO_COMMON_BLOCKS = YES;
				GCC_OPTIMIZATION_LEVEL = 0;
				GCC_PREPROCESSOR_DEFINITIONS = (
					"DEBUG=1",
					"$(inherited)",
				);
				GCC_WARN_64_TO_32_BIT_CONVERSION = YES;
				GCC_WARN_ABOUT_RETURN_TYPE = YES_ERROR;
				GCC_WARN_UNDECLARED_SELECTOR = YES;
				GCC_WARN_UNINITIALIZED_AUTOS = YES_AGGRESSIVE;
				GCC_WARN_UNUSED_FUNCTION = YES;
				GCC_WARN_UNUSED_VARIABLE = YES;
				LOCALIZATION_PREFERS_STRING_CATALOGS = YES;
				MTL_ENABLE_DEBUG_INFO = INCLUDE_SOURCE;
				MTL_FAST_MATH = YES;
				ONLY_ACTIVE_ARCH = YES;
				SWIFT_ACTIVE_COMPILATION_CONDITIONS = "DEBUG $(inherited)";
				SWIFT_OPTIMIZATION_LEVEL = "-Onone";
			};
			name = Debug;
		};
		EA2817282C71D8DD0043A95D /* Release */ = {
			isa = XCBuildConfiguration;
			buildSettings = {
				ALWAYS_SEARCH_USER_PATHS = NO;
				ASSETCATALOG_COMPILER_GENERATE_SWIFT_ASSET_SYMBOL_EXTENSIONS = YES;
				CLANG_ANALYZER_NONNULL = YES;
				CLANG_ANALYZER_NUMBER_OBJECT_CONVERSION = YES_AGGRESSIVE;
				CLANG_CXX_LANGUAGE_STANDARD = "gnu++20";
				CLANG_ENABLE_MODULES = YES;
				CLANG_ENABLE_OBJC_ARC = YES;
				CLANG_ENABLE_OBJC_WEAK = YES;
				CLANG_WARN_BLOCK_CAPTURE_AUTORELEASING = YES;
				CLANG_WARN_BOOL_CONVERSION = YES;
				CLANG_WARN_COMMA = YES;
				CLANG_WARN_CONSTANT_CONVERSION = YES;
				CLANG_WARN_DEPRECATED_OBJC_IMPLEMENTATIONS = YES;
				CLANG_WARN_DIRECT_OBJC_ISA_USAGE = YES_ERROR;
				CLANG_WARN_DOCUMENTATION_COMMENTS = YES;
				CLANG_WARN_EMPTY_BODY = YES;
				CLANG_WARN_ENUM_CONVERSION = YES;
				CLANG_WARN_INFINITE_RECURSION = YES;
				CLANG_WARN_INT_CONVERSION = YES;
				CLANG_WARN_NON_LITERAL_NULL_CONVERSION = YES;
				CLANG_WARN_OBJC_IMPLICIT_RETAIN_SELF = YES;
				CLANG_WARN_OBJC_LITERAL_CONVERSION = YES;
				CLANG_WARN_OBJC_ROOT_CLASS = YES_ERROR;
				CLANG_WARN_QUOTED_INCLUDE_IN_FRAMEWORK_HEADER = YES;
				CLANG_WARN_RANGE_LOOP_ANALYSIS = YES;
				CLANG_WARN_STRICT_PROTOTYPES = YES;
				CLANG_WARN_SUSPICIOUS_MOVE = YES;
				CLANG_WARN_UNGUARDED_AVAILABILITY = YES_AGGRESSIVE;
				CLANG_WARN_UNREACHABLE_CODE = YES;
				CLANG_WARN__DUPLICATE_METHOD_MATCH = YES;
				COPY_PHASE_STRIP = NO;
				DEBUG_INFORMATION_FORMAT = "dwarf-with-dsym";
				ENABLE_NS_ASSERTIONS = NO;
				ENABLE_STRICT_OBJC_MSGSEND = YES;
				ENABLE_USER_SCRIPT_SANDBOXING = YES;
				GCC_C_LANGUAGE_STANDARD = gnu17;
				GCC_NO_COMMON_BLOCKS = YES;
				GCC_WARN_64_TO_32_BIT_CONVERSION = YES;
				GCC_WARN_ABOUT_RETURN_TYPE = YES_ERROR;
				GCC_WARN_UNDECLARED_SELECTOR = YES;
				GCC_WARN_UNINITIALIZED_AUTOS = YES_AGGRESSIVE;
				GCC_WARN_UNUSED_FUNCTION = YES;
				GCC_WARN_UNUSED_VARIABLE = YES;
				LOCALIZATION_PREFERS_STRING_CATALOGS = YES;
				MTL_ENABLE_DEBUG_INFO = NO;
				MTL_FAST_MATH = YES;
				SWIFT_COMPILATION_MODE = wholemodule;
			};
			name = Release;
		};
		EA28172A2C71D8DD0043A95D /* Debug */ = {
			isa = XCBuildConfiguration;
			buildSettings = {
				ASSETCATALOG_COMPILER_APPICON_NAME = AppIcon;
				ASSETCATALOG_COMPILER_GLOBAL_ACCENT_COLOR_NAME = AccentColor;
				CODE_SIGN_ENTITLEMENTS = "Swift Data UI/Swift_Data_UI.entitlements";
				CODE_SIGN_STYLE = Automatic;
				CURRENT_PROJECT_VERSION = 1;
				DEVELOPMENT_ASSET_PATHS = "\"Swift Data UI/Preview Content\"";
				ENABLE_PREVIEWS = YES;
				GENERATE_INFOPLIST_FILE = YES;
				"INFOPLIST_KEY_UIApplicationSceneManifest_Generation[sdk=iphoneos*]" = YES;
				"INFOPLIST_KEY_UIApplicationSceneManifest_Generation[sdk=iphonesimulator*]" = YES;
				"INFOPLIST_KEY_UIApplicationSupportsIndirectInputEvents[sdk=iphoneos*]" = YES;
				"INFOPLIST_KEY_UIApplicationSupportsIndirectInputEvents[sdk=iphonesimulator*]" = YES;
				"INFOPLIST_KEY_UILaunchScreen_Generation[sdk=iphoneos*]" = YES;
				"INFOPLIST_KEY_UILaunchScreen_Generation[sdk=iphonesimulator*]" = YES;
				"INFOPLIST_KEY_UIStatusBarStyle[sdk=iphoneos*]" = UIStatusBarStyleDefault;
				"INFOPLIST_KEY_UIStatusBarStyle[sdk=iphonesimulator*]" = UIStatusBarStyleDefault;
				INFOPLIST_KEY_UISupportedInterfaceOrientations_iPad = "UIInterfaceOrientationPortrait UIInterfaceOrientationPortraitUpsideDown UIInterfaceOrientationLandscapeLeft UIInterfaceOrientationLandscapeRight";
				INFOPLIST_KEY_UISupportedInterfaceOrientations_iPhone = "UIInterfaceOrientationPortrait UIInterfaceOrientationLandscapeLeft UIInterfaceOrientationLandscapeRight";
				IPHONEOS_DEPLOYMENT_TARGET = 17.0;
				LD_RUNPATH_SEARCH_PATHS = "@executable_path/Frameworks";
				"LD_RUNPATH_SEARCH_PATHS[sdk=macosx*]" = "@executable_path/../Frameworks";
				MACOSX_DEPLOYMENT_TARGET = 14.0;
				MARKETING_VERSION = 1.0;
				PRODUCT_BUNDLE_IDENTIFIER = "handleryouth.app.Swift-Data-UI";
				PRODUCT_NAME = "$(TARGET_NAME)";
				SDKROOT = auto;
				SUPPORTED_PLATFORMS = "iphoneos iphonesimulator macosx";
				SWIFT_EMIT_LOC_STRINGS = YES;
				SWIFT_VERSION = 5.0;
				TARGETED_DEVICE_FAMILY = "1,2";
			};
			name = Debug;
		};
		EA28172B2C71D8DD0043A95D /* Release */ = {
			isa = XCBuildConfiguration;
			buildSettings = {
				ASSETCATALOG_COMPILER_APPICON_NAME = AppIcon;
				ASSETCATALOG_COMPILER_GLOBAL_ACCENT_COLOR_NAME = AccentColor;
				CODE_SIGN_ENTITLEMENTS = "Swift Data UI/Swift_Data_UI.entitlements";
				CODE_SIGN_STYLE = Automatic;
				CURRENT_PROJECT_VERSION = 1;
				DEVELOPMENT_ASSET_PATHS = "\"Swift Data UI/Preview Content\"";
				ENABLE_PREVIEWS = YES;
				GENERATE_INFOPLIST_FILE = YES;
				"INFOPLIST_KEY_UIApplicationSceneManifest_Generation[sdk=iphoneos*]" = YES;
				"INFOPLIST_KEY_UIApplicationSceneManifest_Generation[sdk=iphonesimulator*]" = YES;
				"INFOPLIST_KEY_UIApplicationSupportsIndirectInputEvents[sdk=iphoneos*]" = YES;
				"INFOPLIST_KEY_UIApplicationSupportsIndirectInputEvents[sdk=iphonesimulator*]" = YES;
				"INFOPLIST_KEY_UILaunchScreen_Generation[sdk=iphoneos*]" = YES;
				"INFOPLIST_KEY_UILaunchScreen_Generation[sdk=iphonesimulator*]" = YES;
				"INFOPLIST_KEY_UIStatusBarStyle[sdk=iphoneos*]" = UIStatusBarStyleDefault;
				"INFOPLIST_KEY_UIStatusBarStyle[sdk=iphonesimulator*]" = UIStatusBarStyleDefault;
				INFOPLIST_KEY_UISupportedInterfaceOrientations_iPad = "UIInterfaceOrientationPortrait UIInterfaceOrientationPortraitUpsideDown UIInterfaceOrientationLandscapeLeft UIInterfaceOrientationLandscapeRight";
				INFOPLIST_KEY_UISupportedInterfaceOrientations_iPhone = "UIInterfaceOrientationPortrait UIInterfaceOrientationLandscapeLeft UIInterfaceOrientationLandscapeRight";
				IPHONEOS_DEPLOYMENT_TARGET = 17.0;
				LD_RUNPATH_SEARCH_PATHS = "@executable_path/Frameworks";
				"LD_RUNPATH_SEARCH_PATHS[sdk=macosx*]" = "@executable_path/../Frameworks";
				MACOSX_DEPLOYMENT_TARGET = 14.0;
				MARKETING_VERSION = 1.0;
				PRODUCT_BUNDLE_IDENTIFIER = "handleryouth.app.Swift-Data-UI";
				PRODUCT_NAME = "$(TARGET_NAME)";
				SDKROOT = auto;
				SUPPORTED_PLATFORMS = "iphoneos iphonesimulator macosx";
				SWIFT_EMIT_LOC_STRINGS = YES;
				SWIFT_VERSION = 5.0;
				TARGETED_DEVICE_FAMILY = "1,2";
			};
			name = Release;
		};
		EA28172D2C71D8DD0043A95D /* Debug */ = {
			isa = XCBuildConfiguration;
			buildSettings = {
				ALWAYS_EMBED_SWIFT_STANDARD_LIBRARIES = YES;
				BUNDLE_LOADER = "$(TEST_HOST)";
				CODE_SIGN_STYLE = Automatic;
				CURRENT_PROJECT_VERSION = 1;
				GENERATE_INFOPLIST_FILE = YES;
				IPHONEOS_DEPLOYMENT_TARGET = 17.0;
				MACOSX_DEPLOYMENT_TARGET = 14.0;
				MARKETING_VERSION = 1.0;
				PRODUCT_BUNDLE_IDENTIFIER = "handleryouth.app.Swift-Data-UITests";
				PRODUCT_NAME = "$(TARGET_NAME)";
				SDKROOT = auto;
				SUPPORTED_PLATFORMS = "iphoneos iphonesimulator macosx";
				SWIFT_EMIT_LOC_STRINGS = NO;
				SWIFT_VERSION = 5.0;
				TARGETED_DEVICE_FAMILY = "1,2";
				TEST_HOST = "$(BUILT_PRODUCTS_DIR)/Swift Data UI.app/$(BUNDLE_EXECUTABLE_FOLDER_PATH)/Swift Data UI";
			};
			name = Debug;
		};
		EA28172E2C71D8DD0043A95D /* Release */ = {
			isa = XCBuildConfiguration;
			buildSettings = {
				ALWAYS_EMBED_SWIFT_STANDARD_LIBRARIES = YES;
				BUNDLE_LOADER = "$(TEST_HOST)";
				CODE_SIGN_STYLE = Automatic;
				CURRENT_PROJECT_VERSION = 1;
				GENERATE_INFOPLIST_FILE = YES;
				IPHONEOS_DEPLOYMENT_TARGET = 17.0;
				MACOSX_DEPLOYMENT_TARGET = 14.0;
				MARKETING_VERSION = 1.0;
				PRODUCT_BUNDLE_IDENTIFIER = "handleryouth.app.Swift-Data-UITests";
				PRODUCT_NAME = "$(TARGET_NAME)";
				SDKROOT = auto;
				SUPPORTED_PLATFORMS = "iphoneos iphonesimulator macosx";
				SWIFT_EMIT_LOC_STRINGS = NO;
				SWIFT_VERSION = 5.0;
				TARGETED_DEVICE_FAMILY = "1,2";
				TEST_HOST = "$(BUILT_PRODUCTS_DIR)/Swift Data UI.app/$(BUNDLE_EXECUTABLE_FOLDER_PATH)/Swift Data UI";
			};
			name = Release;
		};
		EA2817302C71D8DD0043A95D /* Debug */ = {
			isa = XCBuildConfiguration;
			buildSettings = {
				ALWAYS_EMBED_SWIFT_STANDARD_LIBRARIES = YES;
				CODE_SIGN_STYLE = Automatic;
				CURRENT_PROJECT_VERSION = 1;
				GENERATE_INFOPLIST_FILE = YES;
				IPHONEOS_DEPLOYMENT_TARGET = 17.0;
				MACOSX_DEPLOYMENT_TARGET = 14.0;
				MARKETING_VERSION = 1.0;
				PRODUCT_BUNDLE_IDENTIFIER = "handleryouth.app.Swift-Data-UIUITests";
				PRODUCT_NAME = "$(TARGET_NAME)";
				SDKROOT = auto;
				SUPPORTED_PLATFORMS = "iphoneos iphonesimulator macosx";
				SWIFT_EMIT_LOC_STRINGS = NO;
				SWIFT_VERSION = 5.0;
				TARGETED_DEVICE_FAMILY = "1,2";
				TEST_TARGET_NAME = "Swift Data UI";
			};
			name = Debug;
		};
		EA2817312C71D8DD0043A95D /* Release */ = {
			isa = XCBuildConfiguration;
			buildSettings = {
				ALWAYS_EMBED_SWIFT_STANDARD_LIBRARIES = YES;
				CODE_SIGN_STYLE = Automatic;
				CURRENT_PROJECT_VERSION = 1;
				GENERATE_INFOPLIST_FILE = YES;
				IPHONEOS_DEPLOYMENT_TARGET = 17.0;
				MACOSX_DEPLOYMENT_TARGET = 14.0;
				MARKETING_VERSION = 1.0;
				PRODUCT_BUNDLE_IDENTIFIER = "handleryouth.app.Swift-Data-UIUITests";
				PRODUCT_NAME = "$(TARGET_NAME)";
				SDKROOT = auto;
				SUPPORTED_PLATFORMS = "iphoneos iphonesimulator macosx";
				SWIFT_EMIT_LOC_STRINGS = NO;
				SWIFT_VERSION = 5.0;
				TARGETED_DEVICE_FAMILY = "1,2";
				TEST_TARGET_NAME = "Swift Data UI";
			};
			name = Release;
		};
/* End XCBuildConfiguration section */

/* Begin XCConfigurationList section */
		EA2816FD2C71D8DA0043A95D /* Build configuration list for PBXProject "Swift Data UI" */ = {
			isa = XCConfigurationList;
			buildConfigurations = (
				EA2817272C71D8DD0043A95D /* Debug */,
				EA2817282C71D8DD0043A95D /* Release */,
			);
			defaultConfigurationIsVisible = 0;
			defaultConfigurationName = Release;
		};
		EA2817292C71D8DD0043A95D /* Build configuration list for PBXNativeTarget "Swift Data UI" */ = {
			isa = XCConfigurationList;
			buildConfigurations = (
				EA28172A2C71D8DD0043A95D /* Debug */,
				EA28172B2C71D8DD0043A95D /* Release */,
			);
			defaultConfigurationIsVisible = 0;
			defaultConfigurationName = Release;
		};
		EA28172C2C71D8DD0043A95D /* Build configuration list for PBXNativeTarget "Swift Data UITests" */ = {
			isa = XCConfigurationList;
			buildConfigurations = (
				EA28172D2C71D8DD0043A95D /* Debug */,
				EA28172E2C71D8DD0043A95D /* Release */,
			);
			defaultConfigurationIsVisible = 0;
			defaultConfigurationName = Release;
		};
		EA28172F2C71D8DD0043A95D /* Build configuration list for PBXNativeTarget "Swift Data UIUITests" */ = {
			isa = XCConfigurationList;
			buildConfigurations = (
				EA2817302C71D8DD0043A95D /* Debug */,
				EA2817312C71D8DD0043A95D /* Release */,
			);
			defaultConfigurationIsVisible = 0;
			defaultConfigurationName = Release;
		};
/* End XCConfigurationList section */
	};
	rootObject = EA2816FA2C71D8DA0043A95D /* Project object */;
}
